
Microsoft Visual Studio Solution File, Format Version 12.00
# Visual Studio Version 16
VisualStudioVersion = 16.0.31005.135
MinimumVisualStudioVersion = 10.0.40219.1
Project("{FAE04EC0-301F-11D3-BF4B-00C04F79EFBC}") = "UniqueMorseCodeWords", "UniqueMorseCodeWords\UniqueMorseCodeWords.csproj", "{9AE8F2CC-5E92-4C6C-B4CA-12599940D433}"
EndProject
Global
	GlobalSection(SolutionConfigurationPlatforms) = preSolution
		Debug|Any CPU = Debug|Any CPU
		Release|Any CPU = Release|Any CPU
	EndGlobalSection
	GlobalSection(ProjectConfigurationPlatforms) = postSolution
		{9AE8F2CC-5E92-4C6C-B4CA-12599940D433}.Debug|Any CPU.ActiveCfg = Debug|Any CPU
		{9AE8F2CC-5E92-4C6C-B4CA-12599940D433}.Debug|Any CPU.Build.0 = Debug|Any CPU
		{9AE8F2CC-5E92-4C6C-B4CA-12599940D433}.Release|Any CPU.ActiveCfg = Release|Any CPU
		{9AE8F2CC-5E92-4C6C-B4CA-12599940D433}.Release|Any CPU.Build.0 = Release|Any CPU
	EndGlobalSection
	GlobalSection(SolutionProperties) = preSolution
		HideSolutionNode = FALSE
	EndGlobalSection
	GlobalSection(ExtensibilityGlobals) = postSolution
		SolutionGuid = {D26F21B0-4CEB-4950-8430-68F3AD790CCB}
	EndGlobalSection
EndGlobal
